Microsoft Visual Studio Solution File, Format Version 12.00
# Visual Studio Version 17
VisualStudioVersion = 17.5.2.0
MinimumVisualStudioVersion = 10.0.40219.1
Project("{FAE04EC0-301F-11D3-BF4B-00C04F79EFBC}") = "paint-clone", "paint-clone.csproj", "{AF38C37B-A677-1D42-F135-D794499CC913}"
EndProject
Global
	GlobalSection(SolutionConfigurationPlatforms) = preSolution
		Debug|Any CPU = Debug|Any CPU
		Release|Any CPU = Release|Any CPU
	EndGlobalSection
	GlobalSection(ProjectConfigurationPlatforms) = postSolution
		{AF38C37B-A677-1D42-F135-D794499CC913}.Debug|Any CPU.ActiveCfg = Debug|Any CPU
		{AF38C37B-A677-1D42-F135-D794499CC913}.Debug|Any CPU.Build.0 = Debug|Any CPU
		{AF38C37B-A677-1D42-F135-D794499CC913}.Release|Any CPU.ActiveCfg = Release|Any CPU
		{AF38C37B-A677-1D42-F135-D794499CC913}.Release|Any CPU.Build.0 = Release|Any CPU
	EndGlobalSection
	GlobalSection(SolutionProperties) = preSolution
		HideSolutionNode = FALSE
	EndGlobalSection
	GlobalSection(ExtensibilityGlobals) = postSolution
		SolutionGuid = {9D317D44-84D3-4127-9216-6D81ED9729F8}
	EndGlobalSection
EndGlobal
